
Microsoft Visual Studio Solution File, Format Version 12.00
# Visual Studio Version 16
VisualStudioVersion = 16.0.30804.86
MinimumVisualStudioVersion = 10.0.40219.1
Project("{FAE04EC0-301F-11D3-BF4B-00C04F79EFBC}") = "MediaFlowServer", "MediaFlowServer\MediaFlowServer.csproj", "{FE917E6C-DD78-4140-9DCB-9185AF6F358D}"
EndProject
Global
	GlobalSection(SolutionConfigurationPlatforms) = preSolution
		Debug|Any CPU = Debug|Any CPU
		Release|Any CPU = Release|Any CPU
	EndGlobalSection
	GlobalSection(ProjectConfigurationPlatforms) = postSolution
		{FE917E6C-DD78-4140-9DCB-9185AF6F358D}.Debug|Any CPU.ActiveCfg = Debug|Any CPU
		{FE917E6C-DD78-4140-9DCB-9185AF6F358D}.Debug|Any CPU.Build.0 = Debug|Any CPU
		{FE917E6C-DD78-4140-9DCB-9185AF6F358D}.Release|Any CPU.ActiveCfg = Release|Any CPU
		{FE917E6C-DD78-4140-9DCB-9185AF6F358D}.Release|Any CPU.Build.0 = Release|Any CPU
	EndGlobalSection
	GlobalSection(SolutionProperties) = preSolution
		HideSolutionNode = FALSE
	EndGlobalSection
	GlobalSection(ExtensibilityGlobals) = postSolution
		SolutionGuid = {02FADF40-F13A-4189-83E5-23AE62E73FDA}
	EndGlobalSection
EndGlobal
